
Microsoft Visual Studio Solution File, Format Version 12.00
# Visual Studio Version 17
VisualStudioVersion = 17.4.33213.308
MinimumVisualStudioVersion = 10.0.40219.1
Project("{FAE04EC0-301F-11D3-BF4B-00C04F79EFBC}") = "CustomerRelaManag", "CustomerRelaManag\CustomerRelaManag.csproj", "{C810367F-EE6B-4882-8CDE-11FA30FA1DA8}"
EndProject
Global
	GlobalSection(SolutionConfigurationPlatforms) = preSolution
		Debug|Any CPU = Debug|Any CPU
		Release|Any CPU = Release|Any CPU
	EndGlobalSection
	GlobalSection(ProjectConfigurationPlatforms) = postSolution
		{C810367F-EE6B-4882-8CDE-11FA30FA1DA8}.Debug|Any CPU.ActiveCfg = Debug|Any CPU
		{C810367F-EE6B-4882-8CDE-11FA30FA1DA8}.Debug|Any CPU.Build.0 = Debug|Any CPU
		{C810367F-EE6B-4882-8CDE-11FA30FA1DA8}.Release|Any CPU.ActiveCfg = Release|Any CPU
		{C810367F-EE6B-4882-8CDE-11FA30FA1DA8}.Release|Any CPU.Build.0 = Release|Any CPU
	EndGlobalSection
	GlobalSection(SolutionProperties) = preSolution
		HideSolutionNode = FALSE
	EndGlobalSection
	GlobalSection(ExtensibilityGlobals) = postSolution
		SolutionGuid = {BB7FF55F-C386-456E-BDF3-731C42D89F51}
	EndGlobalSection
EndGlobal
